
Microsoft Visual Studio Solution File, Format Version 12.00
# Visual Studio Version 17
VisualStudioVersion = 17.4.33205.214
MinimumVisualStudioVersion = 10.0.40219.1
Project("{FAE04EC0-301F-11D3-BF4B-00C04F79EFBC}") = "RCL7", "RCL7\RCL7.csproj", "{CAA54772-81C4-4B07-A1EA-A799992F79E5}"
EndProject
Global
	GlobalSection(SolutionConfigurationPlatforms) = preSolution
		Debug|Any CPU = Debug|Any CPU
		Release|Any CPU = Release|Any CPU
	EndGlobalSection
	GlobalSection(ProjectConfigurationPlatforms) = postSolution
		{CAA54772-81C4-4B07-A1EA-A799992F79E5}.Debug|Any CPU.ActiveCfg = Debug|Any CPU
		{CAA54772-81C4-4B07-A1EA-A799992F79E5}.Debug|Any CPU.Build.0 = Debug|Any CPU
		{CAA54772-81C4-4B07-A1EA-A799992F79E5}.Release|Any CPU.ActiveCfg = Release|Any CPU
		{CAA54772-81C4-4B07-A1EA-A799992F79E5}.Release|Any CPU.Build.0 = Release|Any CPU
	EndGlobalSection
	GlobalSection(SolutionProperties) = preSolution
		HideSolutionNode = FALSE
	EndGlobalSection
	GlobalSection(ExtensibilityGlobals) = postSolution
		SolutionGuid = {866B9453-8FE6-4370-A56E-041A29DEF5E8}
	EndGlobalSection
EndGlobal
